// !$*UTF8*$!
{
	archiveVersion = 1;
	classes = {
	};
	objectVersion = 46;
	objects = {

/* Begin PBXBuildFile section */
		0F14A3DC1A723A7C00E23D28 /* main.m in Sources */ = {isa = PBXBuildFile; fileRef = 0F14A3DB1A723A7C00E23D28 /* main.m */; };
		0F14A3DF1A723A7C00E23D28 /* AppDelegate.m in Sources */ = {isa = PBXBuildFile; fileRef = 0F14A3DE1A723A7C00E23D28 /* AppDelegate.m */; };
		0F14A3E71A723A7C00E23D28 /* Images.xcassets in Resources */ = {isa = PBXBuildFile; fileRef = 0F14A3E61A723A7C00E23D28 /* Images.xcassets */; };
		0F14A3EA1A723A7C00E23D28 /* LaunchScreen.xib in Resources */ = {isa = PBXBuildFile; fileRef = 0F14A3E81A723A7C00E23D28 /* LaunchScreen.xib */; };
		0F14A3F61A723A7C00E23D28 /* Rotten_TomatoesTests.m in Sources */ = {isa = PBXBuildFile; fileRef = 0F14A3F51A723A7C00E23D28 /* Rotten_TomatoesTests.m */; };
		0F14A4021A723B8E00E23D28 /* MoviesViewController.m in Sources */ = {isa = PBXBuildFile; fileRef = 0F14A4001A723B8E00E23D28 /* MoviesViewController.m */; };
		0F14A4031A723B8E00E23D28 /* MoviesViewController.xib in Resources */ = {isa = PBXBuildFile; fileRef = 0F14A4011A723B8E00E23D28 /* MoviesViewController.xib */; };
		0F14A4071A7242F200E23D28 /* MovieCellTableViewCell.m in Sources */ = {isa = PBXBuildFile; fileRef = 0F14A4051A7242F200E23D28 /* MovieCellTableViewCell.m */; };
		0F14A4081A7242F200E23D28 /* MovieCellTableViewCell.xib in Resources */ = {isa = PBXBuildFile; fileRef = 0F14A4061A7242F200E23D28 /* MovieCellTableViewCell.xib */; };
		0F14A40C1A76293200E23D28 /* MovieDetailViewController.m in Sources */ = {isa = PBXBuildFile; fileRef = 0F14A40A1A76293200E23D28 /* MovieDetailViewController.m */; };
		0F14A40D1A76293200E23D28 /* MovieDetailViewController.xib in Resources */ = {isa = PBXBuildFile; fileRef = 0F14A40B1A76293200E23D28 /* MovieDetailViewController.xib */; };
		EA5E371FB26FDD58326E51F6 /* libPods.a in Frameworks */ = {isa = PBXBuildFile; fileRef = 7F2D0FA609DB4E7F743229DF /* libPods.a */; };
/* End PBXBuildFile section */

/* Begin PBXContainerItemProxy section */
		0F14A3F01A723A7C00E23D28 /* PBXContainerItemProxy */ = {
			isa = PBXContainerItemProxy;
			containerPortal = 0F14A3CE1A723A7C00E23D28 /* Project object */;
			proxyType = 1;
			remoteGlobalIDString = 0F14A3D51A723A7C00E23D28;
			remoteInfo = "Rotten Tomatoes";
		};
/* End PBXContainerItemProxy section */

/* Begin PBXFileReference section */
		0F14A3D61A723A7C00E23D28 /* Rotten Tomatoes.app */ = {isa = PBXFileReference; explicitFileType = wrapper.application; includeInIndex = 0; path = "Rotten Tomatoes.app"; sourceTree = BUILT_PRODUCTS_DIR; };
		0F14A3DA1A723A7C00E23D28 /* Info.plist */ = {isa = PBXFileReference; lastKnownFileType = text.plist.xml; path = Info.plist; sourceTree = "<group>"; };
		0F14A3DB1A723A7C00E23D28 /* main.m */ = {isa = PBXFileReference; lastKnownFileType = sourcecode.c.objc; path = main.m; sourceTree = "<group>"; };
		0F14A3DD1A723A7C00E23D28 /* AppDelegate.h */ = {isa = PBXFileReference; lastKnownFileType = sourcecode.c.h; path = AppDelegate.h; sourceTree = "<group>"; };
		0F14A3DE1A723A7C00E23D28 /* AppDelegate.m */ = {isa = PBXFileReference; lastKnownFileType = sourcecode.c.objc; path = AppDelegate.m; sourceTree = "<group>"; };
		0F14A3E61A723A7C00E23D28 /* Images.xcassets */ = {isa = PBXFileReference; lastKnownFileType = folder.assetcatalog; path = Images.xcassets; sourceTree = "<group>"; };
		0F14A3E91A723A7C00E23D28 /* Base */ = {isa = PBXFileReference; lastKnownFileType = file.xib; name = Base; path = Base.lproj/LaunchScreen.xib; sourceTree = "<group>"; };
		0F14A3EF1A723A7C00E23D28 /* Rotten TomatoesTests.xctest */ = {isa = PBXFileReference; explicitFileType = wrapper.cfbundle; includeInIndex = 0; path = "Rotten TomatoesTests.xctest"; sourceTree = BUILT_PRODUCTS_DIR; };
		0F14A3F41A723A7C00E23D28 /* Info.plist */ = {isa = PBXFileReference; lastKnownFileType = text.plist.xml; path = Info.plist; sourceTree = "<group>"; };
		0F14A3F51A723A7C00E23D28 /* Rotten_TomatoesTests.m */ = {isa = PBXFileReference; lastKnownFileType = sourcecode.c.objc; path = Rotten_TomatoesTests.m; sourceTree = "<group>"; };
		0F14A3FF1A723B8E00E23D28 /* MoviesViewController.h */ = {isa = PBXFileReference; fileEncoding = 4; lastKnownFileType = sourcecode.c.h; path = MoviesViewController.h; sourceTree = "<group>"; };
		0F14A4001A723B8E00E23D28 /* MoviesViewController.m */ = {isa = PBXFileReference; fileEncoding = 4; lastKnownFileType = sourcecode.c.objc; path = MoviesViewController.m; sourceTree = "<group>"; };
		0F14A4011A723B8E00E23D28 /* MoviesViewController.xib */ = {isa = PBXFileReference; fileEncoding = 4; lastKnownFileType = file.xib; path = MoviesViewController.xib; sourceTree = "<group>"; };
		0F14A4041A7242F200E23D28 /* MovieCellTableViewCell.h */ = {isa = PBXFileReference; fileEncoding = 4; lastKnownFileType = sourcecode.c.h; path = MovieCellTableViewCell.h; sourceTree = "<group>"; };
		0F14A4051A7242F200E23D28 /* MovieCellTableViewCell.m */ = {isa = PBXFileReference; fileEncoding = 4; lastKnownFileType = sourcecode.c.objc; path = MovieCellTableViewCell.m; sourceTree = "<group>"; };
		0F14A4061A7242F200E23D28 /* MovieCellTableViewCell.xib */ = {isa = PBXFileReference; fileEncoding = 4; lastKnownFileType = file.xib; path = MovieCellTableViewCell.xib; sourceTree = "<group>"; };
		0F14A4091A76293200E23D28 /* MovieDetailViewController.h */ = {isa = PBXFileReference; fileEncoding = 4; lastKnownFileType = sourcecode.c.h; path = MovieDetailViewController.h; sourceTree = "<group>"; };
		0F14A40A1A76293200E23D28 /* MovieDetailViewController.m */ = {isa = PBXFileReference; fileEncoding = 4; lastKnownFileType = sourcecode.c.objc; path = MovieDetailViewController.m; sourceTree = "<group>"; };
		0F14A40B1A76293200E23D28 /* MovieDetailViewController.xib */ = {isa = PBXFileReference; fileEncoding = 4; lastKnownFileType = file.xib; path = MovieDetailViewController.xib; sourceTree = "<group>"; };
		7777D87A3BE8E481CB08366D /* Pods.debug.xcconfig */ = {isa = PBXFileReference; includeInIndex = 1; lastKnownFileType = text.xcconfig; name = Pods.debug.xcconfig; path = "Pods/Target Support Files/Pods/Pods.debug.xcconfig"; sourceTree = "<group>"; };
		7F2D0FA609DB4E7F743229DF /* libPods.a */ = {isa = PBXFileReference; explicitFileType = archive.ar; includeInIndex = 0; path = libPods.a; sourceTree = BUILT_PRODUCTS_DIR; };
		924F8A79C8248B49856EDD8A /* Pods.release.xcconfig */ = {isa = PBXFileReference; includeInIndex = 1; lastKnownFileType = text.xcconfig; name = Pods.release.xcconfig; path = "Pods/Target Support Files/Pods/Pods.release.xcconfig"; sourceTree = "<group>"; };
/* End PBXFileReference section */

/* Begin PBXFrameworksBuildPhase section */
		0F14A3D31A723A7C00E23D28 /* Frameworks */ = {
			isa = PBXFrameworksBuildPhase;
			buildActionMask = 2147483647;
			files = (
				EA5E371FB26FDD58326E51F6 /* libPods.a in Frameworks */,
			);
			runOnlyForDeploymentPostprocessing = 0;
		};
		0F14A3EC1A723A7C00E23D28 /* Frameworks */ = {
			isa = PBXFrameworksBuildPhase;
			buildActionMask = 2147483647;
			files = (
			);
			runOnlyForDeploymentPostprocessing = 0;
		};
/* End PBXFrameworksBuildPhase section */

/* Begin PBXGroup section */
		0F14A3CD1A723A7C00E23D28 = {
			isa = PBXGroup;
			children = (
				0F14A3D81A723A7C00E23D28 /* Rotten Tomatoes */,
				0F14A3F21A723A7C00E23D28 /* Rotten TomatoesTests */,
				0F14A3D71A723A7C00E23D28 /* Products */,
				974BB252BB67D683FF601DD3 /* Pods */,
				EB0C4E242E93BFB0705E0E49 /* Frameworks */,
			);
			sourceTree = "<group>";
		};
		0F14A3D71A723A7C00E23D28 /* Products */ = {
			isa = PBXGroup;
			children = (
				0F14A3D61A723A7C00E23D28 /* Rotten Tomatoes.app */,
				0F14A3EF1A723A7C00E23D28 /* Rotten TomatoesTests.xctest */,
			);
			name = Products;
			sourceTree = "<group>";
		};
		0F14A3D81A723A7C00E23D28 /* Rotten Tomatoes */ = {
			isa = PBXGroup;
			children = (
				0F14A3DD1A723A7C00E23D28 /* AppDelegate.h */,
				0F14A3DE1A723A7C00E23D28 /* AppDelegate.m */,
				0F14A3E61A723A7C00E23D28 /* Images.xcassets */,
				0F14A3E81A723A7C00E23D28 /* LaunchScreen.xib */,
				0F14A3D91A723A7C00E23D28 /* Supporting Files */,
				0F14A3FF1A723B8E00E23D28 /* MoviesViewController.h */,
				0F14A4001A723B8E00E23D28 /* MoviesViewController.m */,
				0F14A4011A723B8E00E23D28 /* MoviesViewController.xib */,
				0F14A4041A7242F200E23D28 /* MovieCellTableViewCell.h */,
				0F14A4051A7242F200E23D28 /* MovieCellTableViewCell.m */,
				0F14A4061A7242F200E23D28 /* MovieCellTableViewCell.xib */,
				0F14A4091A76293200E23D28 /* MovieDetailViewController.h */,
				0F14A40A1A76293200E23D28 /* MovieDetailViewController.m */,
				0F14A40B1A76293200E23D28 /* MovieDetailViewController.xib */,
			);
			path = "Rotten Tomatoes";
			sourceTree = "<group>";
		};
		0F14A3D91A723A7C00E23D28 /* Supporting Files */ = {
			isa = PBXGroup;
			children = (
				0F14A3DA1A723A7C00E23D28 /* Info.plist */,
				0F14A3DB1A723A7C00E23D28 /* main.m */,
			);
			name = "Supporting Files";
			sourceTree = "<group>";
		};
		0F14A3F21A723A7C00E23D28 /* Rotten TomatoesTests */ = {
			isa = PBXGroup;
			children = (
				0F14A3F51A723A7C00E23D28 /* Rotten_TomatoesTests.m */,
				0F14A3F31A723A7C00E23D28 /* Supporting Files */,
			);
			path = "Rotten TomatoesTests";
			sourceTree = "<group>";
		};
		0F14A3F31A723A7C00E23D28 /* Supporting Files */ = {
			isa = PBXGroup;
			children = (
				0F14A3F41A723A7C00E23D28 /* Info.plist */,
			);
			name = "Supporting Files";
			sourceTree = "<group>";
		};
		974BB252BB67D683FF601DD3 /* Pods */ = {
			isa = PBXGroup;
			children = (
				7777D87A3BE8E481CB08366D /* Pods.debug.xcconfig */,
				924F8A79C8248B49856EDD8A /* Pods.release.xcconfig */,
			);
			name = Pods;
			sourceTree = "<group>";
		};
		EB0C4E242E93BFB0705E0E49 /* Frameworks */ = {
			isa = PBXGroup;
			children = (
				7F2D0FA609DB4E7F743229DF /* libPods.a */,
			);
			name = Frameworks;
			sourceTree = "<group>";
		};
/* End PBXGroup section */

/* Begin PBXNativeTarget section */
		0F14A3D51A723A7C00E23D28 /* Rotten Tomatoes */ = {
			isa = PBXNativeTarget;
			buildConfigurationList = 0F14A3F91A723A7C00E23D28 /* Build configuration list for PBXNativeTarget "Rotten Tomatoes" */;
			buildPhases = (
				D0AD70BDBBD4AF3638C44176 /* Check Pods Manifest.lock */,
				0F14A3D21A723A7C00E23D28 /* Sources */,
				0F14A3D31A723A7C00E23D28 /* Frameworks */,
				0F14A3D41A723A7C00E23D28 /* Resources */,
				E0C4CFE17CEAE45CBF8BF219 /* Copy Pods Resources */,
			);
			buildRules = (
			);
			dependencies = (
			);
			name = "Rotten Tomatoes";
			productName = "Rotten Tomatoes";
			productReference = 0F14A3D61A723A7C00E23D28 /* Rotten Tomatoes.app */;
			productType = "com.apple.product-type.application";
		};
		0F14A3EE1A723A7C00E23D28 /* Rotten TomatoesTests */ = {
			isa = PBXNativeTarget;
			buildConfigurationList = 0F14A3FC1A723A7C00E23D28 /* Build configuration list for PBXNativeTarget "Rotten TomatoesTests" */;
			buildPhases = (
				0F14A3EB1A723A7C00E23D28 /* Sources */,
				0F14A3EC1A723A7C00E23D28 /* Frameworks */,
				0F14A3ED1A723A7C00E23D28 /* Resources */,
			);
			buildRules = (
			);
			dependencies = (
				0F14A3F11A723A7C00E23D28 /* PBXTargetDependency */,
			);
			name = "Rotten TomatoesTests";
			productName = "Rotten TomatoesTests";
			productReference = 0F14A3EF1A723A7C00E23D28 /* Rotten TomatoesTests.xctest */;
			productType = "com.apple.product-type.bundle.unit-test";
		};
/* End PBXNativeTarget section */

/* Begin PBXProject section */
		0F14A3CE1A723A7C00E23D28 /* Project object */ = {
			isa = PBXProject;
			attributes = {
				LastUpgradeCheck = 0610;
				ORGANIZATIONNAME = "Grace Wu/Long Yang";
				TargetAttributes = {
					0F14A3D51A723A7C00E23D28 = {
						CreatedOnToolsVersion = 6.1.1;
					};
					0F14A3EE1A723A7C00E23D28 = {
						CreatedOnToolsVersion = 6.1.1;
						TestTargetID = 0F14A3D51A723A7C00E23D28;
					};
				};
			};
			buildConfigurationList = 0F14A3D11A723A7C00E23D28 /* Build configuration list for PBXProject "Rotten Tomatoes" */;
			compatibilityVersion = "Xcode 3.2";
			developmentRegion = English;
			hasScannedForEncodings = 0;
			knownRegions = (
				en,
				Base,
			);
			mainGroup = 0F14A3CD1A723A7C00E23D28;
			productRefGroup = 0F14A3D71A723A7C00E23D28 /* Products */;
			projectDirPath = "";
			projectRoot = "";
			targets = (
				0F14A3D51A723A7C00E23D28 /* Rotten Tomatoes */,
				0F14A3EE1A723A7C00E23D28 /* Rotten TomatoesTests */,
			);
		};
/* End PBXProject section */

/* Begin PBXResourcesBuildPhase section */
		0F14A3D41A723A7C00E23D28 /* Resources */ = {
			isa = PBXResourcesBuildPhase;
			buildActionMask = 2147483647;
			files = (
				0F14A40D1A76293200E23D28 /* MovieDetailViewController.xib in Resources */,
				0F14A3EA1A723A7C00E23D28 /* LaunchScreen.xib in Resources */,
				0F14A4031A723B8E00E23D28 /* MoviesViewController.xib in Resources */,
				0F14A4081A7242F200E23D28 /* MovieCellTableViewCell.xib in Resources */,
				0F14A3E71A723A7C00E23D28 /* Images.xcassets in Resources */,
			);
			runOnlyForDeploymentPostprocessing = 0;
		};
		0F14A3ED1A723A7C00E23D28 /* Resources */ = {
			isa = PBXResourcesBuildPhase;
			buildActionMask = 2147483647;
			files = (
			);
			runOnlyForDeploymentPostprocessing = 0;
		};
/* End PBXResourcesBuildPhase section */

/* Begin PBXShellScriptBuildPhase section */
		D0AD70BDBBD4AF3638C44176 /* Check Pods Manifest.lock */ = {
			isa = PBXShellScriptBuildPhase;
			buildActionMask = 2147483647;
			files = (
			);
			inputPaths = (
			);
			name = "Check Pods Manifest.lock";
			outputPaths = (
			);
			runOnlyForDeploymentPostprocessing = 0;
			shellPath = /bin/sh;
			shellScript = "diff \"${PODS_ROOT}/../Podfile.lock\" \"${PODS_ROOT}/Manifest.lock\" > /dev/null\nif [[ $? != 0 ]] ; then\n    cat << EOM\nerror: The sandbox is not in sync with the Podfile.lock. Run 'pod install' or update your CocoaPods installation.\nEOM\n    exit 1\nfi\n";
			showEnvVarsInLog = 0;
		};
		E0C4CFE17CEAE45CBF8BF219 /* Copy Pods Resources */ = {
			isa = PBXShellScriptBuildPhase;
			buildActionMask = 2147483647;
			files = (
			);
			inputPaths = (
			);
			name = "Copy Pods Resources";
			outputPaths = (
			);
			runOnlyForDeploymentPostprocessing = 0;
			shellPath = /bin/sh;
			shellScript = "\"${SRCROOT}/Pods/Target Support Files/Pods/Pods-resources.sh\"\n";
			showEnvVarsInLog = 0;
		};
/* End PBXShellScriptBuildPhase section */

/* Begin PBXSourcesBuildPhase section */
		0F14A3D21A723A7C00E23D28 /* Sources */ = {
			isa = PBXSourcesBuildPhase;
			buildActionMask = 2147483647;
			files = (
				0F14A4021A723B8E00E23D28 /* MoviesViewController.m in Sources */,
				0F14A3DF1A723A7C00E23D28 /* AppDelegate.m in Sources */,
				0F14A40C1A76293200E23D28 /* MovieDetailViewController.m in Sources */,
				0F14A4071A7242F200E23D28 /* MovieCellTableViewCell.m in Sources */,
				0F14A3DC1A723A7C00E23D28 /* main.m in Sources */,
			);
			runOnlyForDeploymentPostprocessing = 0;
		};
		0F14A3EB1A723A7C00E23D28 /* Sources */ = {
			isa = PBXSourcesBuildPhase;
			buildActionMask = 2147483647;
			files = (
				0F14A3F61A723A7C00E23D28 /* Rotten_TomatoesTests.m in Sources */,
			);
			runOnlyForDeploymentPostprocessing = 0;
		};
/* End PBXSourcesBuildPhase section */

/* Begin PBXTargetDependency section */
		0F14A3F11A723A7C00E23D28 /* PBXTargetDependency */ = {
			isa = PBXTargetDependency;
			target = 0F14A3D51A723A7C00E23D28 /* Rotten Tomatoes */;
			targetProxy = 0F14A3F01A723A7C00E23D28 /* PBXContainerItemProxy */;
		};
/* End PBXTargetDependency section */

/* Begin PBXVariantGroup section */
		0F14A3E81A723A7C00E23D28 /* LaunchScreen.xib */ = {
			isa = PBXVariantGroup;
			children = (
				0F14A3E91A723A7C00E23D28 /* Base */,
			);
			name = LaunchScreen.xib;
			sourceTree = "<group>";
		};
/* End PBXVariantGroup section */

/* Begin XCBuildConfiguration section */
		0F14A3F71A723A7C00E23D28 /* Debug */ = {
			isa = XCBuildConfiguration;
			buildSettings = {
				ALWAYS_SEARCH_USER_PATHS = NO;
				CLANG_CXX_LANGUAGE_STANDARD = "gnu++0x";
				CLANG_CXX_LIBRARY = "libc++";
				CLANG_ENABLE_MODULES = YES;
				CLANG_ENABLE_OBJC_ARC = YES;
				CLANG_WARN_BOOL_CONVERSION = YES;
				CLANG_WARN_CONSTANT_CONVERSION = YES;
				CLANG_WARN_DIRECT_OBJC_ISA_USAGE = YES_ERROR;
				CLANG_WARN_EMPTY_BODY = YES;
				CLANG_WARN_ENUM_CONVERSION = YES;
				CLANG_WARN_INT_CONVERSION = YES;
				CLANG_WARN_OBJC_ROOT_CLASS = YES_ERROR;
				CLANG_WARN_UNREACHABLE_CODE = YES;
				CLANG_WARN__DUPLICATE_METHOD_MATCH = YES;
				"CODE_SIGN_IDENTITY[sdk=iphoneos*]" = "iPhone Developer";
				COPY_PHASE_STRIP = NO;
				ENABLE_STRICT_OBJC_MSGSEND = YES;
				GCC_C_LANGUAGE_STANDARD = gnu99;
				GCC_DYNAMIC_NO_PIC = NO;
				GCC_OPTIMIZATION_LEVEL = 0;
				GCC_PREPROCESSOR_DEFINITIONS = (
					"DEBUG=1",
					"$(inherited)",
				);
				GCC_SYMBOLS_PRIVATE_EXTERN = NO;
				GCC_WARN_64_TO_32_BIT_CONVERSION = YES;
				GCC_WARN_ABOUT_RETURN_TYPE = YES_ERROR;
				GCC_WARN_UNDECLARED_SELECTOR = YES;
				GCC_WARN_UNINITIALIZED_AUTOS = YES_AGGRESSIVE;
				GCC_WARN_UNUSED_FUNCTION = YES;
				GCC_WARN_UNUSED_VARIABLE = YES;
				IPHONEOS_DEPLOYMENT_TARGET = 8.1;
				MTL_ENABLE_DEBUG_INFO = YES;
				ONLY_ACTIVE_ARCH = YES;
				SDKROOT = iphoneos;
			};
			name = Debug;
		};
		0F14A3F81A723A7C00E23D28 /* Release */ = {
			isa = XCBuildConfiguration;
			buildSettings = {
				ALWAYS_SEARCH_USER_PATHS = NO;
				CLANG_CXX_LANGUAGE_STANDARD = "gnu++0x";
				CLANG_CXX_LIBRARY = "libc++";
				CLANG_ENABLE_MODULES = YES;
				CLANG_ENABLE_OBJC_ARC = YES;
				CLANG_WARN_BOOL_CONVERSION = YES;
				CLANG_WARN_CONSTANT_CONVERSION = YES;
				CLANG_WARN_DIRECT_OBJC_ISA_USAGE = YES_ERROR;
				CLANG_WARN_EMPTY_BODY = YES;
				CLANG_WARN_ENUM_CONVERSION = YES;
				CLANG_WARN_INT_CONVERSION = YES;
				CLANG_WARN_OBJC_ROOT_CLASS = YES_ERROR;
				CLANG_WARN_UNREACHABLE_CODE = YES;
				CLANG_WARN__DUPLICATE_METHOD_MATCH = YES;
				"CODE_SIGN_IDENTITY[sdk=iphoneos*]" = "iPhone Developer";
				COPY_PHASE_STRIP = YES;
				ENABLE_NS_ASSERTIONS = NO;
				ENABLE_STRICT_OBJC_MSGSEND = YES;
				GCC_C_LANGUAGE_STANDARD = gnu99;
				GCC_WARN_64_TO_32_BIT_CONVERSION = YES;
				GCC_WARN_ABOUT_RETURN_TYPE = YES_ERROR;
				GCC_WARN_UNDECLARED_SELECTOR = YES;
				GCC_WARN_UNINITIALIZED_AUTOS = YES_AGGRESSIVE;
				GCC_WARN_UNUSED_FUNCTION = YES;
				GCC_WARN_UNUSED_VARIABLE = YES;
				IPHONEOS_DEPLOYMENT_TARGET = 8.1;
				MTL_ENABLE_DEBUG_INFO = NO;
				SDKROOT = iphoneos;
				VALIDATE_PRODUCT = YES;
			};
			name = Release;
		};
		0F14A3FA1A723A7C00E23D28 /* Debug */ = {
			isa = XCBuildConfiguration;
			baseConfigurationReference = 7777D87A3BE8E481CB08366D /* Pods.debug.xcconfig */;
			buildSettings = {
				ASSETCATALOG_COMPILER_APPICON_NAME = AppIcon;
				INFOPLIST_FILE = "Rotten Tomatoes/Info.plist";
				LD_RUNPATH_SEARCH_PATHS = "$(inherited) @executable_path/Frameworks";
				PRODUCT_NAME = "$(TARGET_NAME)";
			};
			name = Debug;
		};
		0F14A3FB1A723A7C00E23D28 /* Release */ = {
			isa = XCBuildConfiguration;
			baseConfigurationReference = 924F8A79C8248B49856EDD8A /* Pods.release.xcconfig */;
			buildSettings = {
				ASSETCATALOG_COMPILER_APPICON_NAME = AppIcon;
				INFOPLIST_FILE = "Rotten Tomatoes/Info.plist";
				LD_RUNPATH_SEARCH_PATHS = "$(inherited) @executable_path/Frameworks";
				PRODUCT_NAME = "$(TARGET_NAME)";
			};
			name = Release;
		};
		0F14A3FD1A723A7C00E23D28 /* Debug */ = {
			isa = XCBuildConfiguration;
			buildSettings = {
				BUNDLE_LOADER = "$(TEST_HOST)";
				FRAMEWORK_SEARCH_PATHS = (
					"$(SDKROOT)/Developer/Library/Frameworks",
					"$(inherited)",
				);
				GCC_PREPROCESSOR_DEFINITIONS = (
					"DEBUG=1",
					"$(inherited)",
				);
				INFOPLIST_FILE = "Rotten TomatoesTests/Info.plist";
				LD_RUNPATH_SEARCH_PATHS = "$(inherited) @executable_path/Frameworks @loader_path/Frameworks";
				PRODUCT_NAME = "$(TARGET_NAME)";
				TEST_HOST = "$(BUILT_PRODUCTS_DIR)/Rotten Tomatoes.app/Rotten Tomatoes";
			};
			name = Debug;
		};
		0F14A3FE1A723A7C00E23D28 /* Release */ = {
			isa = XCBuildConfiguration;
			buildSettings = {
				BUNDLE_LOADER = "$(TEST_HOST)";
				FRAMEWORK_SEARCH_PATHS = (
					"$(SDKROOT)/Developer/Library/Frameworks",
					"$(inherited)",
				);
				INFOPLIST_FILE = "Rotten TomatoesTests/Info.plist";
				LD_RUNPATH_SEARCH_PATHS = "$(inherited) @executable_path/Frameworks @loader_path/Frameworks";
				PRODUCT_NAME = "$(TARGET_NAME)";
				TEST_HOST = "$(BUILT_PRODUCTS_DIR)/Rotten Tomatoes.app/Rotten Tomatoes";
			};
			name = Release;
		};
/* End XCBuildConfiguration section */

/* Begin XCConfigurationList section */
		0F14A3D11A723A7C00E23D28 /* Build configuration list for PBXProject "Rotten Tomatoes" */ = {
			isa = XCConfigurationList;
			buildConfigurations = (
				0F14A3F71A723A7C00E23D28 /* Debug */,
				0F14A3F81A723A7C00E23D28 /* Release */,
			);
			defaultConfigurationIsVisible = 0;
			defaultConfigurationName = Release;
		};
		0F14A3F91A723A7C00E23D28 /* Build configuration list for PBXNativeTarget "Rotten Tomatoes" */ = {
			isa = XCConfigurationList;
			buildConfigurations = (
				0F14A3FA1A723A7C00E23D28 /* Debug */,
				0F14A3FB1A723A7C00E23D28 /* Release */,
			);
			defaultConfigurationIsVisible = 0;
			defaultConfigurationName = Release;
		};
		0F14A3FC1A723A7C00E23D28 /* Build configuration list for PBXNativeTarget "Rotten TomatoesTests" */ = {
			isa = XCConfigurationList;
			buildConfigurations = (
				0F14A3FD1A723A7C00E23D28 /* Debug */,
				0F14A3FE1A723A7C00E23D28 /* Release */,
			);
			defaultConfigurationIsVisible = 0;
			defaultConfigurationName = Release;
		};
/* End XCConfigurationList section */
	};
	rootObject = 0F14A3CE1A723A7C00E23D28 /* Project object */;
}
